
Microsoft Visual Studio Solution File, Format Version 12.00
# Visual Studio 14
VisualStudioVersion = 14.0.23107.0
MinimumVisualStudioVersion = 10.0.40219.1
Project("{FAE04EC0-301F-11D3-BF4B-00C04F79EFBC}") = "FizzBuzzInterview", "FizzBuzzInterview\FizzBuzzInterview.csproj", "{575290CA-A165-4BF3-8890-ACB3165CE530}"
EndProject
Project("{FAE04EC0-301F-11D3-BF4B-00C04F79EFBC}") = "FizzBuzzInterview.Tests", "FizzBuzzInterview.Tests\FizzBuzzInterview.Tests.csproj", "{74B0275E-F154-4E1B-9C99-EF9A9CF41606}"
EndProject
Global
	GlobalSection(SolutionConfigurationPlatforms) = preSolution
		Debug|Any CPU = Debug|Any CPU
		Release|Any CPU = Release|Any CPU
	EndGlobalSection
	GlobalSection(ProjectConfigurationPlatforms) = postSolution
		{575290CA-A165-4BF3-8890-ACB3165CE530}.Debug|Any CPU.ActiveCfg = Debug|Any CPU
		{575290CA-A165-4BF3-8890-ACB3165CE530}.Debug|Any CPU.Build.0 = Debug|Any CPU
		{575290CA-A165-4BF3-8890-ACB3165CE530}.Release|Any CPU.ActiveCfg = Release|Any CPU
		{575290CA-A165-4BF3-8890-ACB3165CE530}.Release|Any CPU.Build.0 = Release|Any CPU
		{74B0275E-F154-4E1B-9C99-EF9A9CF41606}.Debug|Any CPU.ActiveCfg = Debug|Any CPU
		{74B0275E-F154-4E1B-9C99-EF9A9CF41606}.Debug|Any CPU.Build.0 = Debug|Any CPU
		{74B0275E-F154-4E1B-9C99-EF9A9CF41606}.Release|Any CPU.ActiveCfg = Release|Any CPU
		{74B0275E-F154-4E1B-9C99-EF9A9CF41606}.Release|Any CPU.Build.0 = Release|Any CPU
	EndGlobalSection
	GlobalSection(SolutionProperties) = preSolution
		HideSolutionNode = FALSE
	EndGlobalSection
EndGlobal
